
Microsoft Visual Studio Solution File, Format Version 12.00
# Visual Studio Version 17
VisualStudioVersion = 17.5.33530.505
MinimumVisualStudioVersion = 10.0.40219.1
Project("{FAE04EC0-301F-11D3-BF4B-00C04F79EFBC}") = "Teste", "Teste\Teste.csproj", "{1253CDD6-7E78-4632-98D0-9E621037342F}"
EndProject
Global
	GlobalSection(SolutionConfigurationPlatforms) = preSolution
		Debug|Any CPU = Debug|Any CPU
		Release|Any CPU = Release|Any CPU
	EndGlobalSection
	GlobalSection(ProjectConfigurationPlatforms) = postSolution
		{1253CDD6-7E78-4632-98D0-9E621037342F}.Debug|Any CPU.ActiveCfg = Debug|Any CPU
		{1253CDD6-7E78-4632-98D0-9E621037342F}.Debug|Any CPU.Build.0 = Debug|Any CPU
		{1253CDD6-7E78-4632-98D0-9E621037342F}.Release|Any CPU.ActiveCfg = Release|Any CPU
		{1253CDD6-7E78-4632-98D0-9E621037342F}.Release|Any CPU.Build.0 = Release|Any CPU
	EndGlobalSection
	GlobalSection(SolutionProperties) = preSolution
		HideSolutionNode = FALSE
	EndGlobalSection
	GlobalSection(ExtensibilityGlobals) = postSolution
		SolutionGuid = {F6663EA9-D966-434A-AE52-B6CD4C19D5C8}
	EndGlobalSection
EndGlobal
